Microsoft Visual Studio Solution File, Format Version 12.00
# Visual Studio Version 17
VisualStudioVersion = 17.5.2.0
MinimumVisualStudioVersion = 10.0.40219.1
Project("{FAE04EC0-301F-11D3-BF4B-00C04F79EFBC}") = "CsvImportDemo", "CsvImportDemo.csproj", "{3D29639F-2EFF-689B-6A74-084D79843647}"
EndProject
Global
	GlobalSection(SolutionConfigurationPlatforms) = preSolution
		Debug|Any CPU = Debug|Any CPU
		Release|Any CPU = Release|Any CPU
	EndGlobalSection
	GlobalSection(ProjectConfigurationPlatforms) = postSolution
		{3D29639F-2EFF-689B-6A74-084D79843647}.Debug|Any CPU.ActiveCfg = Debug|Any CPU
		{3D29639F-2EFF-689B-6A74-084D79843647}.Debug|Any CPU.Build.0 = Debug|Any CPU
		{3D29639F-2EFF-689B-6A74-084D79843647}.Release|Any CPU.ActiveCfg = Release|Any CPU
		{3D29639F-2EFF-689B-6A74-084D79843647}.Release|Any CPU.Build.0 = Release|Any CPU
	EndGlobalSection
	GlobalSection(SolutionProperties) = preSolution
		HideSolutionNode = FALSE
	EndGlobalSection
	GlobalSection(ExtensibilityGlobals) = postSolution
		SolutionGuid = {168542F6-9CDD-4B76-A0EA-4537C6A1665A}
	EndGlobalSection
EndGlobal
